
Microsoft Visual Studio Solution File, Format Version 12.00
# Visual Studio 15
VisualStudioVersion = 15.0.28307.1259
MinimumVisualStudioVersion = 10.0.40219.1
Project("{8BC9CEB8-8B4A-11D0-8D11-00A0C91BC942}") = "Buoi4", "Buoi4\Buoi4.vcxproj", "{FFE21D37-7543-431C-83D0-C43D171FD8A8}"
EndProject
Global
	GlobalSection(SolutionConfigurationPlatforms) = preSolution
		Debug|x64 = Debug|x64
		Debug|x86 = Debug|x86
		Release|x64 = Release|x64
		Release|x86 = Release|x86
	EndGlobalSection
	GlobalSection(ProjectConfigurationPlatforms) = postSolution
		{FFE21D37-7543-431C-83D0-C43D171FD8A8}.Debug|x64.ActiveCfg = Debug|x64
		{FFE21D37-7543-431C-83D0-C43D171FD8A8}.Debug|x64.Build.0 = Debug|x64
		{FFE21D37-7543-431C-83D0-C43D171FD8A8}.Debug|x86.ActiveCfg = Debug|Win32
		{FFE21D37-7543-431C-83D0-C43D171FD8A8}.Debug|x86.Build.0 = Debug|Win32
		{FFE21D37-7543-431C-83D0-C43D171FD8A8}.Release|x64.ActiveCfg = Release|x64
		{FFE21D37-7543-431C-83D0-C43D171FD8A8}.Release|x64.Build.0 = Release|x64
		{FFE21D37-7543-431C-83D0-C43D171FD8A8}.Release|x86.ActiveCfg = Release|Win32
		{FFE21D37-7543-431C-83D0-C43D171FD8A8}.Release|x86.Build.0 = Release|Win32
	EndGlobalSection
	GlobalSection(SolutionProperties) = preSolution
		HideSolutionNode = FALSE
	EndGlobalSection
	GlobalSection(ExtensibilityGlobals) = postSolution
		SolutionGuid = {D7B0A8BA-0C7D-4563-9AC7-6D7A4D0BAD75}
	EndGlobalSection
EndGlobal
